
Microsoft Visual Studio Solution File, Format Version 12.00
# Visual Studio Version 17
VisualStudioVersion = 17.5.33530.505
MinimumVisualStudioVersion = 10.0.40219.1
Project("{9A19103F-16F7-4668-BE54-9A1E7A4F7556}") = "TechfolioMVC", "TaskManagementMVC\TechfolioMVC.csproj", "{B79753A8-6CDE-4740-898F-399E5ABA2BE7}"
EndProject
Global
	GlobalSection(SolutionConfigurationPlatforms) = preSolution
		Debug|Any CPU = Debug|Any CPU
		Release|Any CPU = Release|Any CPU
	EndGlobalSection
	GlobalSection(ProjectConfigurationPlatforms) = postSolution
		{B79753A8-6CDE-4740-898F-399E5ABA2BE7}.Debug|Any CPU.ActiveCfg = Debug|Any CPU
		{B79753A8-6CDE-4740-898F-399E5ABA2BE7}.Debug|Any CPU.Build.0 = Debug|Any CPU
		{B79753A8-6CDE-4740-898F-399E5ABA2BE7}.Release|Any CPU.ActiveCfg = Release|Any CPU
		{B79753A8-6CDE-4740-898F-399E5ABA2BE7}.Release|Any CPU.Build.0 = Release|Any CPU
	EndGlobalSection
	GlobalSection(SolutionProperties) = preSolution
		HideSolutionNode = FALSE
	EndGlobalSection
	GlobalSection(ExtensibilityGlobals) = postSolution
		SolutionGuid = {479B73F6-8A84-4DEE-8C3F-122214341E8D}
	EndGlobalSection
EndGlobal
